
Microsoft Visual Studio Solution File, Format Version 12.00
# Visual Studio 15
VisualStudioVersion = 15.0.26430.6
MinimumVisualStudioVersion = 10.0.40219.1
Project("{FAE04EC0-301F-11D3-BF4B-00C04F79EFBC}") = "CitySearch", "CitySearch\CitySearch.csproj", "{8F237599-8844-4E3C-8500-183D5D18F951}"
EndProject
Project("{FAE04EC0-301F-11D3-BF4B-00C04F79EFBC}") = "CitySearch.Services", "CitySearch.Services\CitySearch.Services.csproj", "{8C3B52D6-FC8E-4082-B123-F91A9EFE0CCA}"
EndProject
Project("{2150E333-8FDC-42A3-9474-1A3956D46DE8}") = "Solution Items", "Solution Items", "{12F859E1-30E0-4E6B-B535-9601D5180AF4}"
	ProjectSection(SolutionItems) = preProject
		Cities.txt = Cities.txt
	EndProjectSection
EndProject
Project("{FAE04EC0-301F-11D3-BF4B-00C04F79EFBC}") = "CitySearch.Services.UnitTests", "CitySearch.Services.UnitTests\CitySearch.Services.UnitTests.csproj", "{F26B2D1F-013F-46FF-94DD-B5D6E1D74E67}"
EndProject
Global
	GlobalSection(SolutionConfigurationPlatforms) = preSolution
		Debug|Any CPU = Debug|Any CPU
		Release|Any CPU = Release|Any CPU
	EndGlobalSection
	GlobalSection(ProjectConfigurationPlatforms) = postSolution
		{8F237599-8844-4E3C-8500-183D5D18F951}.Debug|Any CPU.ActiveCfg = Debug|Any CPU
		{8F237599-8844-4E3C-8500-183D5D18F951}.Debug|Any CPU.Build.0 = Debug|Any CPU
		{8F237599-8844-4E3C-8500-183D5D18F951}.Release|Any CPU.ActiveCfg = Release|Any CPU
		{8F237599-8844-4E3C-8500-183D5D18F951}.Release|Any CPU.Build.0 = Release|Any CPU
		{8C3B52D6-FC8E-4082-B123-F91A9EFE0CCA}.Debug|Any CPU.ActiveCfg = Debug|Any CPU
		{8C3B52D6-FC8E-4082-B123-F91A9EFE0CCA}.Debug|Any CPU.Build.0 = Debug|Any CPU
		{8C3B52D6-FC8E-4082-B123-F91A9EFE0CCA}.Release|Any CPU.ActiveCfg = Release|Any CPU
		{8C3B52D6-FC8E-4082-B123-F91A9EFE0CCA}.Release|Any CPU.Build.0 = Release|Any CPU
		{F26B2D1F-013F-46FF-94DD-B5D6E1D74E67}.Debug|Any CPU.ActiveCfg = Debug|Any CPU
		{F26B2D1F-013F-46FF-94DD-B5D6E1D74E67}.Debug|Any CPU.Build.0 = Debug|Any CPU
		{F26B2D1F-013F-46FF-94DD-B5D6E1D74E67}.Release|Any CPU.ActiveCfg = Release|Any CPU
		{F26B2D1F-013F-46FF-94DD-B5D6E1D74E67}.Release|Any CPU.Build.0 = Release|Any CPU
	EndGlobalSection
	GlobalSection(SolutionProperties) = preSolution
		HideSolutionNode = FALSE
	EndGlobalSection
EndGlobal
